
Microsoft Visual Studio Solution File, Format Version 12.00
# Visual Studio Version 17
VisualStudioVersion = 17.8.34316.72
MinimumVisualStudioVersion = 10.0.40219.1
Project("{9A19103F-16F7-4668-BE54-9A1E7A4F7556}") = "Workaround", "Workaround\Workaround.csproj", "{D2D66D58-1885-4D6A-BE52-9CB96CB36AD5}"
EndProject
Project("{9A19103F-16F7-4668-BE54-9A1E7A4F7556}") = "Entities", "Entities\Entities.csproj", "{264D1540-8E62-4AC2-AA49-99CBA34C5970}"
EndProject
Project("{FAE04EC0-301F-11D3-BF4B-00C04F79EFBC}") = "Business", "Business\Business.csproj", "{55226A79-0382-4EE4-8AA1-82E0FFD3CCC8}"
EndProject
Global
	GlobalSection(SolutionConfigurationPlatforms) = preSolution
		Debug|Any CPU = Debug|Any CPU
		Release|Any CPU = Release|Any CPU
	EndGlobalSection
	GlobalSection(ProjectConfigurationPlatforms) = postSolution
		{D2D66D58-1885-4D6A-BE52-9CB96CB36AD5}.Debug|Any CPU.ActiveCfg = Debug|Any CPU
		{D2D66D58-1885-4D6A-BE52-9CB96CB36AD5}.Debug|Any CPU.Build.0 = Debug|Any CPU
		{D2D66D58-1885-4D6A-BE52-9CB96CB36AD5}.Release|Any CPU.ActiveCfg = Release|Any CPU
		{D2D66D58-1885-4D6A-BE52-9CB96CB36AD5}.Release|Any CPU.Build.0 = Release|Any CPU
		{264D1540-8E62-4AC2-AA49-99CBA34C5970}.Debug|Any CPU.ActiveCfg = Debug|Any CPU
		{264D1540-8E62-4AC2-AA49-99CBA34C5970}.Debug|Any CPU.Build.0 = Debug|Any CPU
		{264D1540-8E62-4AC2-AA49-99CBA34C5970}.Release|Any CPU.ActiveCfg = Release|Any CPU
		{264D1540-8E62-4AC2-AA49-99CBA34C5970}.Release|Any CPU.Build.0 = Release|Any CPU
		{55226A79-0382-4EE4-8AA1-82E0FFD3CCC8}.Debug|Any CPU.ActiveCfg = Debug|Any CPU
		{55226A79-0382-4EE4-8AA1-82E0FFD3CCC8}.Debug|Any CPU.Build.0 = Debug|Any CPU
		{55226A79-0382-4EE4-8AA1-82E0FFD3CCC8}.Release|Any CPU.ActiveCfg = Release|Any CPU
		{55226A79-0382-4EE4-8AA1-82E0FFD3CCC8}.Release|Any CPU.Build.0 = Release|Any CPU
	EndGlobalSection
	GlobalSection(SolutionProperties) = preSolution
		HideSolutionNode = FALSE
	EndGlobalSection
	GlobalSection(ExtensibilityGlobals) = postSolution
		SolutionGuid = {934AA8B7-52A7-497C-831F-106CAADE84ED}
	EndGlobalSection
EndGlobal
